github.com/LuisFelipePoma/Movies_Recomender_With_Golang/src/api/types v0.0.0-20241108043934-aca3d05448bc h1:U00GsSqcoE2Ve3mNf4LeQJFhxVeNjUevKf8FnUuFfPA=
github.com/LuisFelipePoma/Movies_Recomender_With_Golang/src/api/types v0.0.0-20241108043934-aca3d05448bc/go.mod h1:vpaopzomG+a0Eqj23/Cvc0kbdA87kQIw533yc47TYVs=
