github.com/LuisFelipePoma/Movies_Recomender_With_Golang/src/api/master v0.0.0-20241104152510-d8dcb87ca28e h1:OrtCb0hgpoEqSBWVTf6Bfn54bDmTqIvTRx+hNu1HPyU=
github.com/LuisFelipePoma/Movies_Recomender_With_Golang/src/api/master v0.0.0-20241104152510-d8dcb87ca28e/go.mod h1:7r2fGOeQBYbYHLHKikVVvd9Izm7z4ZUwQ8CT696qQBM=
