github.com/LuisFelipePoma/Movies_Recomender_With_Golang/src/api v0.0.0-20241104152510-d8dcb87ca28e h1:0ZhDTLiw4vWTlDH/7Kekw6Xg7kTKTwixunqs7uQNAPE=
github.com/LuisFelipePoma/Movies_Recomender_With_Golang/src/api v0.0.0-20241104152510-d8dcb87ca28e/go.mod h1:TCSB40P+GmHbMUkRzLT3ggqej+cEKSwYpNiNEkLU0uY=
